// !$*UTF8*$!
{
	archiveVersion = 1;
	classes = {
	};
	objectVersion = 50;
	objects = {

/* Begin PBXBuildFile section */
		58A7536B214DEEC100B5A6C6 /* AppDelegate.m in Sources */ = {isa = PBXBuildFile; fileRef = 58A7536A214DEEC100B5A6C6 /* AppDelegate.m */; };
		58A7536E214DEEC100B5A6C6 /* ViewController.m in Sources */ = {isa = PBXBuildFile; fileRef = 58A7536D214DEEC100B5A6C6 /* ViewController.m */; };
		58A75371214DEEC100B5A6C6 /* Main.storyboard in Resources */ = {isa = PBXBuildFile; fileRef = 58A7536F214DEEC100B5A6C6 /* Main.storyboard */; };
		58A75373214DEEC300B5A6C6 /* Assets.xcassets in Resources */ = {isa = PBXBuildFile; fileRef = 58A75372214DEEC300B5A6C6 /* Assets.xcassets */; };
		58A75376214DEEC300B5A6C6 /* LaunchScreen.storyboard in Resources */ = {isa = PBXBuildFile; fileRef = 58A75374214DEEC300B5A6C6 /* LaunchScreen.storyboard */; };
		58A75379214DEEC300B5A6C6 /* main.m in Sources */ = {isa = PBXBuildFile; fileRef = 58A75378214DEEC300B5A6C6 /* main.m */; };
		58A75381214DEF4200B5A6C6 /* RTRunTimer.m in Sources */ = {isa = PBXBuildFile; fileRef = 58A75380214DEF4200B5A6C6 /* RTRunTimer.m */; };
		58A75389214E057200B5A6C6 /* 1.jpg in Resources */ = {isa = PBXBuildFile; fileRef = 58A75388214E057200B5A6C6 /* 1.jpg */; };
		58A7538B214E091300B5A6C6 /* data.pdf in Resources */ = {isa = PBXBuildFile; fileRef = 58A7538A214E091300B5A6C6 /* data.pdf */; };
/* End PBXBuildFile section */

/* Begin PBXFileReference section */
		58A75366214DEEC100B5A6C6 /* runTimeDemo.app */ = {isa = PBXFileReference; explicitFileType = wrapper.application; includeInIndex = 0; path = runTimeDemo.app; sourceTree = BUILT_PRODUCTS_DIR; };
		58A75369214DEEC100B5A6C6 /* AppDelegate.h */ = {isa = PBXFileReference; lastKnownFileType = sourcecode.c.h; path = AppDelegate.h; sourceTree = "<group>"; };
		58A7536A214DEEC100B5A6C6 /* AppDelegate.m */ = {isa = PBXFileReference; lastKnownFileType = sourcecode.c.objc; path = AppDelegate.m; sourceTree = "<group>"; };
		58A7536C214DEEC100B5A6C6 /* ViewController.h */ = {isa = PBXFileReference; lastKnownFileType = sourcecode.c.h; path = ViewController.h; sourceTree = "<group>"; };
		58A7536D214DEEC100B5A6C6 /* ViewController.m */ = {isa = PBXFileReference; lastKnownFileType = sourcecode.c.objc; path = ViewController.m; sourceTree = "<group>"; };
		58A75370214DEEC100B5A6C6 /* Base */ = {isa = PBXFileReference; lastKnownFileType = file.storyboard; name = Base; path = Base.lproj/Main.storyboard; sourceTree = "<group>"; };
		58A75372214DEEC300B5A6C6 /* Assets.xcassets */ = {isa = PBXFileReference; lastKnownFileType = folder.assetcatalog; path = Assets.xcassets; sourceTree = "<group>"; };
		58A75375214DEEC300B5A6C6 /* Base */ = {isa = PBXFileReference; lastKnownFileType = file.storyboard; name = Base; path = Base.lproj/LaunchScreen.storyboard; sourceTree = "<group>"; };
		58A75377214DEEC300B5A6C6 /* Info.plist */ = {isa = PBXFileReference; lastKnownFileType = text.plist.xml; path = Info.plist; sourceTree = "<group>"; };
		58A75378214DEEC300B5A6C6 /* main.m */ = {isa = PBXFileReference; lastKnownFileType = sourcecode.c.objc; path = main.m; sourceTree = "<group>"; };
		58A7537F214DEF4200B5A6C6 /* RTRunTimer.h */ = {isa = PBXFileReference; lastKnownFileType = sourcecode.c.h; path = RTRunTimer.h; sourceTree = "<group>"; };
		58A75380214DEF4200B5A6C6 /* RTRunTimer.m */ = {isa = PBXFileReference; lastKnownFileType = sourcecode.c.objc; path = RTRunTimer.m; sourceTree = "<group>"; };
		58A75388214E057200B5A6C6 /* 1.jpg */ = {isa = PBXFileReference; lastKnownFileType = image.jpeg; path = 1.jpg; sourceTree = "<group>"; };
		58A7538A214E091300B5A6C6 /* data.pdf */ = {isa = PBXFileReference; lastKnownFileType = image.pdf; path = data.pdf; sourceTree = "<group>"; };
/* End PBXFileReference section */

/* Begin PBXFrameworksBuildPhase section */
		58A75363214DEEC100B5A6C6 /* Frameworks */ = {
			isa = PBXFrameworksBuildPhase;
			buildActionMask = 2147483647;
			files = (
			);
			runOnlyForDeploymentPostprocessing = 0;
		};
/* End PBXFrameworksBuildPhase section */

/* Begin PBXGroup section */
		58A7535D214DEEC100B5A6C6 = {
			isa = PBXGroup;
			children = (
				58A75368214DEEC100B5A6C6 /* runTimeDemo */,
				58A75367214DEEC100B5A6C6 /* Products */,
			);
			sourceTree = "<group>";
		};
		58A75367214DEEC100B5A6C6 /* Products */ = {
			isa = PBXGroup;
			children = (
				58A75366214DEEC100B5A6C6 /* runTimeDemo.app */,
			);
			name = Products;
			sourceTree = "<group>";
		};
		58A75368214DEEC100B5A6C6 /* runTimeDemo */ = {
			isa = PBXGroup;
			children = (
				58A7538A214E091300B5A6C6 /* data.pdf */,
				58A75388214E057200B5A6C6 /* 1.jpg */,
				58A75369214DEEC100B5A6C6 /* AppDelegate.h */,
				58A7536A214DEEC100B5A6C6 /* AppDelegate.m */,
				58A7536C214DEEC100B5A6C6 /* ViewController.h */,
				58A7536D214DEEC100B5A6C6 /* ViewController.m */,
				58A7536F214DEEC100B5A6C6 /* Main.storyboard */,
				58A75372214DEEC300B5A6C6 /* Assets.xcassets */,
				58A75374214DEEC300B5A6C6 /* LaunchScreen.storyboard */,
				58A75377214DEEC300B5A6C6 /* Info.plist */,
				58A75378214DEEC300B5A6C6 /* main.m */,
				58A7537F214DEF4200B5A6C6 /* RTRunTimer.h */,
				58A75380214DEF4200B5A6C6 /* RTRunTimer.m */,
			);
			path = runTimeDemo;
			sourceTree = "<group>";
		};
/* End PBXGroup section */

/* Begin PBXNativeTarget section */
		58A75365214DEEC100B5A6C6 /* runTimeDemo */ = {
			isa = PBXNativeTarget;
			buildConfigurationList = 58A7537C214DEEC300B5A6C6 /* Build configuration list for PBXNativeTarget "runTimeDemo" */;
			buildPhases = (
				58A75362214DEEC100B5A6C6 /* Sources */,
				58A75363214DEEC100B5A6C6 /* Frameworks */,
				58A75364214DEEC100B5A6C6 /* Resources */,
			);
			buildRules = (
			);
			dependencies = (
			);
			name = runTimeDemo;
			productName = runTimeDemo;
			productReference = 58A75366214DEEC100B5A6C6 /* runTimeDemo.app */;
			productType = "com.apple.product-type.application";
		};
/* End PBXNativeTarget section */

/* Begin PBXProject section */
		58A7535E214DEEC100B5A6C6 /* Project object */ = {
			isa = PBXProject;
			attributes = {
				LastUpgradeCheck = 0940;
				ORGANIZATIONNAME = jimbo;
				TargetAttributes = {
					58A75365214DEEC100B5A6C6 = {
						CreatedOnToolsVersion = 9.4.1;
					};
				};
			};
			buildConfigurationList = 58A75361214DEEC100B5A6C6 /* Build configuration list for PBXProject "runTimeDemo" */;
			compatibilityVersion = "Xcode 9.3";
			developmentRegion = en;
			hasScannedForEncodings = 0;
			knownRegions = (
				en,
				Base,
			);
			mainGroup = 58A7535D214DEEC100B5A6C6;
			productRefGroup = 58A75367214DEEC100B5A6C6 /* Products */;
			projectDirPath = "";
			projectRoot = "";
			targets = (
				58A75365214DEEC100B5A6C6 /* runTimeDemo */,
			);
		};
/* End PBXProject section */

/* Begin PBXResourcesBuildPhase section */
		58A75364214DEEC100B5A6C6 /* Resources */ = {
			isa = PBXResourcesBuildPhase;
			buildActionMask = 2147483647;
			files = (
				58A75376214DEEC300B5A6C6 /* LaunchScreen.storyboard in Resources */,
				58A75373214DEEC300B5A6C6 /* Assets.xcassets in Resources */,
				58A75389214E057200B5A6C6 /* 1.jpg in Resources */,
				58A75371214DEEC100B5A6C6 /* Main.storyboard in Resources */,
				58A7538B214E091300B5A6C6 /* data.pdf in Resources */,
			);
			runOnlyForDeploymentPostprocessing = 0;
		};
/* End PBXResourcesBuildPhase section */

/* Begin PBXSourcesBuildPhase section */
		58A75362214DEEC100B5A6C6 /* Sources */ = {
			isa = PBXSourcesBuildPhase;
			buildActionMask = 2147483647;
			files = (
				58A7536E214DEEC100B5A6C6 /* ViewController.m in Sources */,
				58A75379214DEEC300B5A6C6 /* main.m in Sources */,
				58A7536B214DEEC100B5A6C6 /* AppDelegate.m in Sources */,
				58A75381214DEF4200B5A6C6 /* RTRunTimer.m in Sources */,
			);
			runOnlyForDeploymentPostprocessing = 0;
		};
/* End PBXSourcesBuildPhase section */

/* Begin PBXVariantGroup section */
		58A7536F214DEEC100B5A6C6 /* Main.storyboard */ = {
			isa = PBXVariantGroup;
			children = (
				58A75370214DEEC100B5A6C6 /* Base */,
			);
			name = Main.storyboard;
			sourceTree = "<group>";
		};
		58A75374214DEEC300B5A6C6 /* LaunchScreen.storyboard */ = {
			isa = PBXVariantGroup;
			children = (
				58A75375214DEEC300B5A6C6 /* Base */,
			);
			name = LaunchScreen.storyboard;
			sourceTree = "<group>";
		};
/* End PBXVariantGroup section */

/* Begin XCBuildConfiguration section */
		58A7537A214DEEC300B5A6C6 /* Debug */ = {
			isa = XCBuildConfiguration;
			buildSettings = {
				ALWAYS_SEARCH_USER_PATHS = NO;
				CLANG_ANALYZER_NONNULL = YES;
				CLANG_ANALYZER_NUMBER_OBJECT_CONVERSION = YES_AGGRESSIVE;
				CLANG_CXX_LANGUAGE_STANDARD = "gnu++14";
				CLANG_CXX_LIBRARY = "libc++";
				CLANG_ENABLE_MODULES = YES;
				CLANG_ENABLE_OBJC_ARC = YES;
				CLANG_ENABLE_OBJC_WEAK = YES;
				CLANG_WARN_BLOCK_CAPTURE_AUTORELEASING = YES;
				CLANG_WARN_BOOL_CONVERSION = YES;
				CLANG_WARN_COMMA = YES;
				CLANG_WARN_CONSTANT_CONVERSION = YES;
				CLANG_WARN_DEPRECATED_OBJC_IMPLEMENTATIONS = YES;
				CLANG_WARN_DIRECT_OBJC_ISA_USAGE = YES_ERROR;
				CLANG_WARN_DOCUMENTATION_COMMENTS = YES;
				CLANG_WARN_EMPTY_BODY = YES;
				CLANG_WARN_ENUM_CONVERSION = YES;
				CLANG_WARN_INFINITE_RECURSION = YES;
				CLANG_WARN_INT_CONVERSION = YES;
				CLANG_WARN_NON_LITERAL_NULL_CONVERSION = YES;
				CLANG_WARN_OBJC_IMPLICIT_RETAIN_SELF = YES;
				CLANG_WARN_OBJC_LITERAL_CONVERSION = YES;
				CLANG_WARN_OBJC_ROOT_CLASS = YES_ERROR;
				CLANG_WARN_RANGE_LOOP_ANALYSIS = YES;
				CLANG_WARN_STRICT_PROTOTYPES = YES;
				CLANG_WARN_SUSPICIOUS_MOVE = YES;
				CLANG_WARN_UNGUARDED_AVAILABILITY = YES_AGGRESSIVE;
				CLANG_WARN_UNREACHABLE_CODE = YES;
				CLANG_WARN__DUPLICATE_METHOD_MATCH = YES;
				CODE_SIGN_IDENTITY = "iPhone Developer";
				COPY_PHASE_STRIP = NO;
				DEBUG_INFORMATION_FORMAT = dwarf;
				ENABLE_STRICT_OBJC_MSGSEND = YES;
				ENABLE_TESTABILITY = YES;
				GCC_C_LANGUAGE_STANDARD = gnu11;
				GCC_DYNAMIC_NO_PIC = NO;
				GCC_NO_COMMON_BLOCKS = YES;
				GCC_OPTIMIZATION_LEVEL = 0;
				GCC_PREPROCESSOR_DEFINITIONS = (
					"DEBUG=1",
					"$(inherited)",
				);
				GCC_WARN_64_TO_32_BIT_CONVERSION = YES;
				GCC_WARN_ABOUT_RETURN_TYPE = YES_ERROR;
				GCC_WARN_UNDECLARED_SELECTOR = YES;
				GCC_WARN_UNINITIALIZED_AUTOS = YES_AGGRESSIVE;
				GCC_WARN_UNUSED_FUNCTION = YES;
				GCC_WARN_UNUSED_VARIABLE = YES;
				IPHONEOS_DEPLOYMENT_TARGET = 11.4;
				MTL_ENABLE_DEBUG_INFO = YES;
				ONLY_ACTIVE_ARCH = YES;
				SDKROOT = iphoneos;
			};
			name = Debug;
		};
		58A7537B214DEEC300B5A6C6 /* Release */ = {
			isa = XCBuildConfiguration;
			buildSettings = {
				ALWAYS_SEARCH_USER_PATHS = NO;
				CLANG_ANALYZER_NONNULL = YES;
				CLANG_ANALYZER_NUMBER_OBJECT_CONVERSION = YES_AGGRESSIVE;
				CLANG_CXX_LANGUAGE_STANDARD = "gnu++14";
				CLANG_CXX_LIBRARY = "libc++";
				CLANG_ENABLE_MODULES = YES;
				CLANG_ENABLE_OBJC_ARC = YES;
				CLANG_ENABLE_OBJC_WEAK = YES;
				CLANG_WARN_BLOCK_CAPTURE_AUTORELEASING = YES;
				CLANG_WARN_BOOL_CONVERSION = YES;
				CLANG_WARN_COMMA = YES;
				CLANG_WARN_CONSTANT_CONVERSION = YES;
				CLANG_WARN_DEPRECATED_OBJC_IMPLEMENTATIONS = YES;
				CLANG_WARN_DIRECT_OBJC_ISA_USAGE = YES_ERROR;
				CLANG_WARN_DOCUMENTATION_COMMENTS = YES;
				CLANG_WARN_EMPTY_BODY = YES;
				CLANG_WARN_ENUM_CONVERSION = YES;
				CLANG_WARN_INFINITE_RECURSION = YES;
				CLANG_WARN_INT_CONVERSION = YES;
				CLANG_WARN_NON_LITERAL_NULL_CONVERSION = YES;
				CLANG_WARN_OBJC_IMPLICIT_RETAIN_SELF = YES;
				CLANG_WARN_OBJC_LITERAL_CONVERSION = YES;
				CLANG_WARN_OBJC_ROOT_CLASS = YES_ERROR;
				CLANG_WARN_RANGE_LOOP_ANALYSIS = YES;
				CLANG_WARN_STRICT_PROTOTYPES = YES;
				CLANG_WARN_SUSPICIOUS_MOVE = YES;
				CLANG_WARN_UNGUARDED_AVAILABILITY = YES_AGGRESSIVE;
				CLANG_WARN_UNREACHABLE_CODE = YES;
				CLANG_WARN__DUPLICATE_METHOD_MATCH = YES;
				CODE_SIGN_IDENTITY = "iPhone Developer";
				COPY_PHASE_STRIP = NO;
				DEBUG_INFORMATION_FORMAT = "dwarf-with-dsym";
				ENABLE_NS_ASSERTIONS = NO;
				ENABLE_STRICT_OBJC_MSGSEND = YES;
				GCC_C_LANGUAGE_STANDARD = gnu11;
				GCC_NO_COMMON_BLOCKS = YES;
				GCC_WARN_64_TO_32_BIT_CONVERSION = YES;
				GCC_WARN_ABOUT_RETURN_TYPE = YES_ERROR;
				GCC_WARN_UNDECLARED_SELECTOR = YES;
				GCC_WARN_UNINITIALIZED_AUTOS = YES_AGGRESSIVE;
				GCC_WARN_UNUSED_FUNCTION = YES;
				GCC_WARN_UNUSED_VARIABLE = YES;
				IPHONEOS_DEPLOYMENT_TARGET = 11.4;
				MTL_ENABLE_DEBUG_INFO = NO;
				SDKROOT = iphoneos;
				VALIDATE_PRODUCT = YES;
			};
			name = Release;
		};
		58A7537D214DEEC300B5A6C6 /* Debug */ = {
			isa = XCBuildConfiguration;
			buildSettings = {
				ASSETCATALOG_COMPILER_APPICON_NAME = AppIcon;
				CODE_SIGN_STYLE = Automatic;
				DEVELOPMENT_TEAM = SE376E2E7G;
				INFOPLIST_FILE = runTimeDemo/Info.plist;
				LD_RUNPATH_SEARCH_PATHS = (
					"$(inherited)",
					"@executable_path/Frameworks",
				);
				PRODUCT_BUNDLE_IDENTIFIER = com.xgbccc.runTimeDemo;
				PRODUCT_NAME = "$(TARGET_NAME)";
				TARGETED_DEVICE_FAMILY = "1,2";
			};
			name = Debug;
		};
		58A7537E214DEEC300B5A6C6 /* Release */ = {
			isa = XCBuildConfiguration;
			buildSettings = {
				ASSETCATALOG_COMPILER_APPICON_NAME = AppIcon;
				CODE_SIGN_STYLE = Automatic;
				DEVELOPMENT_TEAM = SE376E2E7G;
				INFOPLIST_FILE = runTimeDemo/Info.plist;
				LD_RUNPATH_SEARCH_PATHS = (
					"$(inherited)",
					"@executable_path/Frameworks",
				);
				PRODUCT_BUNDLE_IDENTIFIER = com.xgbccc.runTimeDemo;
				PRODUCT_NAME = "$(TARGET_NAME)";
				TARGETED_DEVICE_FAMILY = "1,2";
			};
			name = Release;
		};
/* End XCBuildConfiguration section */

/* Begin XCConfigurationList section */
		58A75361214DEEC100B5A6C6 /* Build configuration list for PBXProject "runTimeDemo" */ = {
			isa = XCConfigurationList;
			buildConfigurations = (
				58A7537A214DEEC300B5A6C6 /* Debug */,
				58A7537B214DEEC300B5A6C6 /* Release */,
			);
			defaultConfigurationIsVisible = 0;
			defaultConfigurationName = Release;
		};
		58A7537C214DEEC300B5A6C6 /* Build configuration list for PBXNativeTarget "runTimeDemo" */ = {
			isa = XCConfigurationList;
			buildConfigurations = (
				58A7537D214DEEC300B5A6C6 /* Debug */,
				58A7537E214DEEC300B5A6C6 /* Release */,
			);
			defaultConfigurationIsVisible = 0;
			defaultConfigurationName = Release;
		};
/* End XCConfigurationList section */
	};
	rootObject = 58A7535E214DEEC100B5A6C6 /* Project object */;
}
